// !$*UTF8*$!
{
	archiveVersion = 1;
	classes = {
	};
	objectVersion = 46;
	objects = {

/* Begin PBXBuildFile section */
		233DAF2B1CBEBE0600EAD22B /* AppDelegate.swift in Sources */ = {isa = PBXBuildFile; fileRef = 233DAF2A1CBEBE0600EAD22B /* AppDelegate.swift */; };
		233DAF2D1CBEBE0600EAD22B /* ViewController.swift in Sources */ = {isa = PBXBuildFile; fileRef = 233DAF2C1CBEBE0600EAD22B /* ViewController.swift */; };
		233DAF301CBEBE0600EAD22B /* Main.storyboard in Resources */ = {isa = PBXBuildFile; fileRef = 233DAF2E1CBEBE0600EAD22B /* Main.storyboard */; };
		233DAF321CBEBE0600EAD22B /* Assets.xcassets in Resources */ = {isa = PBXBuildFile; fileRef = 233DAF311CBEBE0600EAD22B /* Assets.xcassets */; };
		233DAF351CBEBE0600EAD22B /* LaunchScreen.storyboard in Resources */ = {isa = PBXBuildFile; fileRef = 233DAF331CBEBE0600EAD22B /* LaunchScreen.storyboard */; };
		235B37EC1CC22C9400582D50 /* Questions.swift in Sources */ = {isa = PBXBuildFile; fileRef = 235B37EB1CC22C9400582D50 /* Questions.swift */; };
		235B37EE1CC315FD00582D50 /* Levels.swift in Sources */ = {isa = PBXBuildFile; fileRef = 235B37ED1CC315FD00582D50 /* Levels.swift */; };
		23D8525D1CC5AB030036B7CB /* AddQuestionViewController.swift in Sources */ = {isa = PBXBuildFile; fileRef = 23D8525C1CC5AB030036B7CB /* AddQuestionViewController.swift */; };
		23F95EBF1CC424D100ED4224 /* DataModel.swift in Sources */ = {isa = PBXBuildFile; fileRef = 23F95EBE1CC424D100ED4224 /* DataModel.swift */; };
/* End PBXBuildFile section */

/* Begin PBXFileReference section */
		233DAF271CBEBE0600EAD22B /* TheGame.app */ = {isa = PBXFileReference; explicitFileType = wrapper.application; includeInIndex = 0; path = TheGame.app; sourceTree = BUILT_PRODUCTS_DIR; };
		233DAF2A1CBEBE0600EAD22B /* AppDelegate.swift */ = {isa = PBXFileReference; lastKnownFileType = sourcecode.swift; path = AppDelegate.swift; sourceTree = "<group>"; };
		233DAF2C1CBEBE0600EAD22B /* ViewController.swift */ = {isa = PBXFileReference; lastKnownFileType = sourcecode.swift; path = ViewController.swift; sourceTree = "<group>"; };
		233DAF2F1CBEBE0600EAD22B /* Base */ = {isa = PBXFileReference; lastKnownFileType = file.storyboard; name = Base; path = Base.lproj/Main.storyboard; sourceTree = "<group>"; };
		233DAF311CBEBE0600EAD22B /* Assets.xcassets */ = {isa = PBXFileReference; lastKnownFileType = folder.assetcatalog; path = Assets.xcassets; sourceTree = "<group>"; };
		233DAF341CBEBE0600EAD22B /* Base */ = {isa = PBXFileReference; lastKnownFileType = file.storyboard; name = Base; path = Base.lproj/LaunchScreen.storyboard; sourceTree = "<group>"; };
		233DAF361CBEBE0600EAD22B /* Info.plist */ = {isa = PBXFileReference; lastKnownFileType = text.plist.xml; path = Info.plist; sourceTree = "<group>"; };
		235B37EB1CC22C9400582D50 /* Questions.swift */ = {isa = PBXFileReference; fileEncoding = 4; lastKnownFileType = sourcecode.swift; path = Questions.swift; sourceTree = "<group>"; };
		235B37ED1CC315FD00582D50 /* Levels.swift */ = {isa = PBXFileReference; fileEncoding = 4; lastKnownFileType = sourcecode.swift; path = Levels.swift; sourceTree = "<group>"; };
		23D8525C1CC5AB030036B7CB /* AddQuestionViewController.swift */ = {isa = PBXFileReference; fileEncoding = 4; lastKnownFileType = sourcecode.swift; path = AddQuestionViewController.swift; sourceTree = "<group>"; };
		23F95EBE1CC424D100ED4224 /* DataModel.swift */ = {isa = PBXFileReference; fileEncoding = 4; lastKnownFileType = sourcecode.swift; path = DataModel.swift; sourceTree = "<group>"; };
/* End PBXFileReference section */

/* Begin PBXFrameworksBuildPhase section */
		233DAF241CBEBE0600EAD22B /* Frameworks */ = {
			isa = PBXFrameworksBuildPhase;
			buildActionMask = 2147483647;
			files = (
			);
			runOnlyForDeploymentPostprocessing = 0;
		};
/* End PBXFrameworksBuildPhase section */

/* Begin PBXGroup section */
		233DAF1E1CBEBE0600EAD22B = {
			isa = PBXGroup;
			children = (
				233DAF291CBEBE0600EAD22B /* TheGame */,
				233DAF281CBEBE0600EAD22B /* Products */,
			);
			sourceTree = "<group>";
		};
		233DAF281CBEBE0600EAD22B /* Products */ = {
			isa = PBXGroup;
			children = (
				233DAF271CBEBE0600EAD22B /* TheGame.app */,
			);
			name = Products;
			sourceTree = "<group>";
		};
		233DAF291CBEBE0600EAD22B /* TheGame */ = {
			isa = PBXGroup;
			children = (
				233DAF2A1CBEBE0600EAD22B /* AppDelegate.swift */,
				233DAF2C1CBEBE0600EAD22B /* ViewController.swift */,
				233DAF2E1CBEBE0600EAD22B /* Main.storyboard */,
				23D8525C1CC5AB030036B7CB /* AddQuestionViewController.swift */,
				235B37EB1CC22C9400582D50 /* Questions.swift */,
				235B37ED1CC315FD00582D50 /* Levels.swift */,
				23F95EBE1CC424D100ED4224 /* DataModel.swift */,
				233DAF311CBEBE0600EAD22B /* Assets.xcassets */,
				233DAF331CBEBE0600EAD22B /* LaunchScreen.storyboard */,
				233DAF361CBEBE0600EAD22B /* Info.plist */,
			);
			path = TheGame;
			sourceTree = "<group>";
		};
/* End PBXGroup section */

/* Begin PBXNativeTarget section */
		233DAF261CBEBE0600EAD22B /* TheGame */ = {
			isa = PBXNativeTarget;
			buildConfigurationList = 233DAF391CBEBE0600EAD22B /* Build configuration list for PBXNativeTarget "TheGame" */;
			buildPhases = (
				233DAF231CBEBE0600EAD22B /* Sources */,
				233DAF241CBEBE0600EAD22B /* Frameworks */,
				233DAF251CBEBE0600EAD22B /* Resources */,
			);
			buildRules = (
			);
			dependencies = (
			);
			name = TheGame;
			productName = TheGame;
			productReference = 233DAF271CBEBE0600EAD22B /* TheGame.app */;
			productType = "com.apple.product-type.application";
		};
/* End PBXNativeTarget section */

/* Begin PBXProject section */
		233DAF1F1CBEBE0600EAD22B /* Project object */ = {
			isa = PBXProject;
			attributes = {
				LastSwiftUpdateCheck = 0720;
				LastUpgradeCheck = 0720;
				ORGANIZATIONNAME = "Jorge Vazquez";
				TargetAttributes = {
					233DAF261CBEBE0600EAD22B = {
						CreatedOnToolsVersion = 7.2.1;
						DevelopmentTeam = 7WY784T52Q;
					};
				};
			};
			buildConfigurationList = 233DAF221CBEBE0600EAD22B /* Build configuration list for PBXProject "TheGame" */;
			compatibilityVersion = "Xcode 3.2";
			developmentRegion = English;
			hasScannedForEncodings = 0;
			knownRegions = (
				en,
				Base,
			);
			mainGroup = 233DAF1E1CBEBE0600EAD22B;
			productRefGroup = 233DAF281CBEBE0600EAD22B /* Products */;
			projectDirPath = "";
			projectRoot = "";
			targets = (
				233DAF261CBEBE0600EAD22B /* TheGame */,
			);
		};
/* End PBXProject section */

/* Begin PBXResourcesBuildPhase section */
		233DAF251CBEBE0600EAD22B /* Resources */ = {
			isa = PBXResourcesBuildPhase;
			buildActionMask = 2147483647;
			files = (
				233DAF351CBEBE0600EAD22B /* LaunchScreen.storyboard in Resources */,
				233DAF321CBEBE0600EAD22B /* Assets.xcassets in Resources */,
				233DAF301CBEBE0600EAD22B /* Main.storyboard in Resources */,
			);
			runOnlyForDeploymentPostprocessing = 0;
		};
/* End PBXResourcesBuildPhase section */

/* Begin PBXSourcesBuildPhase section */
		233DAF231CBEBE0600EAD22B /* Sources */ = {
			isa = PBXSourcesBuildPhase;
			buildActionMask = 2147483647;
			files = (
				23F95EBF1CC424D100ED4224 /* DataModel.swift in Sources */,
				235B37EC1CC22C9400582D50 /* Questions.swift in Sources */,
				23D8525D1CC5AB030036B7CB /* AddQuestionViewController.swift in Sources */,
				235B37EE1CC315FD00582D50 /* Levels.swift in Sources */,
				233DAF2D1CBEBE0600EAD22B /* ViewController.swift in Sources */,
				233DAF2B1CBEBE0600EAD22B /* AppDelegate.swift in Sources */,
			);
			runOnlyForDeploymentPostprocessing = 0;
		};
/* End PBXSourcesBuildPhase section */

/* Begin PBXVariantGroup section */
		233DAF2E1CBEBE0600EAD22B /* Main.storyboard */ = {
			isa = PBXVariantGroup;
			children = (
				233DAF2F1CBEBE0600EAD22B /* Base */,
			);
			name = Main.storyboard;
			sourceTree = "<group>";
		};
		233DAF331CBEBE0600EAD22B /* LaunchScreen.storyboard */ = {
			isa = PBXVariantGroup;
			children = (
				233DAF341CBEBE0600EAD22B /* Base */,
			);
			name = LaunchScreen.storyboard;
			sourceTree = "<group>";
		};
/* End PBXVariantGroup section */

/* Begin XCBuildConfiguration section */
		233DAF371CBEBE0600EAD22B /* Debug */ = {
			isa = XCBuildConfiguration;
			buildSettings = {
				ALWAYS_SEARCH_USER_PATHS = NO;
				CLANG_CXX_LANGUAGE_STANDARD = "gnu++0x";
				CLANG_CXX_LIBRARY = "libc++";
				CLANG_ENABLE_MODULES = YES;
				CLANG_ENABLE_OBJC_ARC = YES;
				CLANG_WARN_BOOL_CONVERSION = YES;
				CLANG_WARN_CONSTANT_CONVERSION = YES;
				CLANG_WARN_DIRECT_OBJC_ISA_USAGE = YES_ERROR;
				CLANG_WARN_EMPTY_BODY = YES;
				CLANG_WARN_ENUM_CONVERSION = YES;
				CLANG_WARN_INT_CONVERSION = YES;
				CLANG_WARN_OBJC_ROOT_CLASS = YES_ERROR;
				CLANG_WARN_UNREACHABLE_CODE = YES;
				CLANG_WARN__DUPLICATE_METHOD_MATCH = YES;
				"CODE_SIGN_IDENTITY[sdk=iphoneos*]" = "iPhone Developer";
				COPY_PHASE_STRIP = NO;
				DEBUG_INFORMATION_FORMAT = dwarf;
				ENABLE_STRICT_OBJC_MSGSEND = YES;
				ENABLE_TESTABILITY = YES;
				GCC_C_LANGUAGE_STANDARD = gnu99;
				GCC_DYNAMIC_NO_PIC = NO;
				GCC_NO_COMMON_BLOCKS = YES;
				GCC_OPTIMIZATION_LEVEL = 0;
				GCC_PREPROCESSOR_DEFINITIONS = (
					"DEBUG=1",
					"$(inherited)",
				);
				GCC_WARN_64_TO_32_BIT_CONVERSION = YES;
				GCC_WARN_ABOUT_RETURN_TYPE = YES_ERROR;
				GCC_WARN_UNDECLARED_SELECTOR = YES;
				GCC_WARN_UNINITIALIZED_AUTOS = YES_AGGRESSIVE;
				GCC_WARN_UNUSED_FUNCTION = YES;
				GCC_WARN_UNUSED_VARIABLE = YES;
				IPHONEOS_DEPLOYMENT_TARGET = 9.2;
				MTL_ENABLE_DEBUG_INFO = YES;
				ONLY_ACTIVE_ARCH = YES;
				SDKROOT = iphoneos;
				SWIFT_OPTIMIZATION_LEVEL = "-Onone";
				TARGETED_DEVICE_FAMILY = "1,2";
			};
			name = Debug;
		};
		233DAF381CBEBE0600EAD22B /* Release */ = {
			isa = XCBuildConfiguration;
			buildSettings = {
				ALWAYS_SEARCH_USER_PATHS = NO;
				CLANG_CXX_LANGUAGE_STANDARD = "gnu++0x";
				CLANG_CXX_LIBRARY = "libc++";
				CLANG_ENABLE_MODULES = YES;
				CLANG_ENABLE_OBJC_ARC = YES;
				CLANG_WARN_BOOL_CONVERSION = YES;
				CLANG_WARN_CONSTANT_CONVERSION = YES;
				CLANG_WARN_DIRECT_OBJC_ISA_USAGE = YES_ERROR;
				CLANG_WARN_EMPTY_BODY = YES;
				CLANG_WARN_ENUM_CONVERSION = YES;
				CLANG_WARN_INT_CONVERSION = YES;
				CLANG_WARN_OBJC_ROOT_CLASS = YES_ERROR;
				CLANG_WARN_UNREACHABLE_CODE = YES;
				CLANG_WARN__DUPLICATE_METHOD_MATCH = YES;
				"CODE_SIGN_IDENTITY[sdk=iphoneos*]" = "iPhone Developer";
				COPY_PHASE_STRIP = NO;
				DEBUG_INFORMATION_FORMAT = "dwarf-with-dsym";
				ENABLE_NS_ASSERTIONS = NO;
				ENABLE_STRICT_OBJC_MSGSEND = YES;
				GCC_C_LANGUAGE_STANDARD = gnu99;
				GCC_NO_COMMON_BLOCKS = YES;
				GCC_WARN_64_TO_32_BIT_CONVERSION = YES;
				GCC_WARN_ABOUT_RETURN_TYPE = YES_ERROR;
				GCC_WARN_UNDECLARED_SELECTOR = YES;
				GCC_WARN_UNINITIALIZED_AUTOS = YES_AGGRESSIVE;
				GCC_WARN_UNUSED_FUNCTION = YES;
				GCC_WARN_UNUSED_VARIABLE = YES;
				IPHONEOS_DEPLOYMENT_TARGET = 9.2;
				MTL_ENABLE_DEBUG_INFO = NO;
				SDKROOT = iphoneos;
				TARGETED_DEVICE_FAMILY = "1,2";
				VALIDATE_PRODUCT = YES;
			};
			name = Release;
		};
		233DAF3A1CBEBE0600EAD22B /* Debug */ = {
			isa = XCBuildConfiguration;
			buildSettings = {
				ASSETCATALOG_COMPILER_APPICON_NAME = AppIcon;
				INFOPLIST_FILE = TheGame/Info.plist;
				LD_RUNPATH_SEARCH_PATHS = "$(inherited) @executable_path/Frameworks";
				PRODUCT_BUNDLE_IDENTIFIER = com.JorgeVazquez.TheGame;
				PRODUCT_NAME = "$(TARGET_NAME)";
			};
			name = Debug;
		};
		233DAF3B1CBEBE0600EAD22B /* Release */ = {
			isa = XCBuildConfiguration;
			buildSettings = {
				ASSETCATALOG_COMPILER_APPICON_NAME = AppIcon;
				INFOPLIST_FILE = TheGame/Info.plist;
				LD_RUNPATH_SEARCH_PATHS = "$(inherited) @executable_path/Frameworks";
				PRODUCT_BUNDLE_IDENTIFIER = com.JorgeVazquez.TheGame;
				PRODUCT_NAME = "$(TARGET_NAME)";
			};
			name = Release;
		};
/* End XCBuildConfiguration section */

/* Begin XCConfigurationList section */
		233DAF221CBEBE0600EAD22B /* Build configuration list for PBXProject "TheGame" */ = {
			isa = XCConfigurationList;
			buildConfigurations = (
				233DAF371CBEBE0600EAD22B /* Debug */,
				233DAF381CBEBE0600EAD22B /* Release */,
			);
			defaultConfigurationIsVisible = 0;
			defaultConfigurationName = Release;
		};
		233DAF391CBEBE0600EAD22B /* Build configuration list for PBXNativeTarget "TheGame" */ = {
			isa = XCConfigurationList;
			buildConfigurations = (
				233DAF3A1CBEBE0600EAD22B /* Debug */,
				233DAF3B1CBEBE0600EAD22B /* Release */,
			);
			defaultConfigurationIsVisible = 0;
			defaultConfigurationName = Release;
		};
/* End XCConfigurationList section */
	};
	rootObject = 233DAF1F1CBEBE0600EAD22B /* Project object */;
}
